
Microsoft Visual Studio Solution File, Format Version 12.00
# Visual Studio Version 17
VisualStudioVersion = 17.4.33213.308
MinimumVisualStudioVersion = 10.0.40219.1
Project("{FAE04EC0-301F-11D3-BF4B-00C04F79EFBC}") = "Versions", "Versions.csproj", "{658CF9E9-6472-43A0-8554-AEA5E1F9C65E}"
EndProject
Global
	GlobalSection(SolutionConfigurationPlatforms) = preSolution
		Debug|Any CPU = Debug|Any CPU
		Release|Any CPU = Release|Any CPU
	EndGlobalSection
	GlobalSection(ProjectConfigurationPlatforms) = postSolution
		{658CF9E9-6472-43A0-8554-AEA5E1F9C65E}.Debug|Any CPU.ActiveCfg = Debug|Any CPU
		{658CF9E9-6472-43A0-8554-AEA5E1F9C65E}.Debug|Any CPU.Build.0 = Debug|Any CPU
		{658CF9E9-6472-43A0-8554-AEA5E1F9C65E}.Release|Any CPU.ActiveCfg = Release|Any CPU
		{658CF9E9-6472-43A0-8554-AEA5E1F9C65E}.Release|Any CPU.Build.0 = Release|Any CPU
	EndGlobalSection
	GlobalSection(SolutionProperties) = preSolution
		HideSolutionNode = FALSE
	EndGlobalSection
	GlobalSection(ExtensibilityGlobals) = postSolution
		SolutionGuid = {A978F1A2-3427-4088-85EB-2B781A92EF6B}
	EndGlobalSection
EndGlobal
